
Microsoft Visual Studio Solution File, Format Version 12.00
# Visual Studio Version 17
VisualStudioVersion = 17.13.35818.85 d17.13
MinimumVisualStudioVersion = 10.0.40219.1
Project("{FAE04EC0-301F-11D3-BF4B-00C04F79EFBC}") = "EmbyIcons", "EmbyIcons.csproj", "{BC45F2D3-20B4-EA89-3086-A43858F09AFA}"
EndProject
Global
	GlobalSection(SolutionConfigurationPlatforms) = preSolution
		Debug|Any CPU = Debug|Any CPU
		Release|Any CPU = Release|Any CPU
	EndGlobalSection
	GlobalSection(ProjectConfigurationPlatforms) = postSolution
		{BC45F2D3-20B4-EA89-3086-A43858F09AFA}.Debug|Any CPU.ActiveCfg = Debug|Any CPU
		{BC45F2D3-20B4-EA89-3086-A43858F09AFA}.Debug|Any CPU.Build.0 = Debug|Any CPU
		{BC45F2D3-20B4-EA89-3086-A43858F09AFA}.Release|Any CPU.ActiveCfg = Release|Any CPU
		{BC45F2D3-20B4-EA89-3086-A43858F09AFA}.Release|Any CPU.Build.0 = Release|Any CPU
	EndGlobalSection
	GlobalSection(SolutionProperties) = preSolution
		HideSolutionNode = FALSE
	EndGlobalSection
	GlobalSection(ExtensibilityGlobals) = postSolution
		SolutionGuid = {7F5BD9D4-A848-4F78-B8B4-87B0FF0D24DC}
	EndGlobalSection
EndGlobal
